// !$*UTF8*$!
{
	archiveVersion = 1;
	classes = {
	};
	objectVersion = 54;
	objects = {

/* Begin PBXBuildFile section */
		00E356F31AD99517003FC87E /* StarWarsFavoritesTests.m in Sources */ = {isa = PBXBuildFile; fileRef = 00E356F21AD99517003FC87E /* StarWarsFavoritesTests.m */; };
		0C80B921A6F3F58F76C31292 /* libPods-StarWarsFavorites.a in Frameworks */ = {isa = PBXBuildFile; fileRef = 5DCACB8F33CDC322A6C60F78 /* libPods-StarWarsFavorites.a */; };
		13B07FBC1A68108700A75B9A /* AppDelegate.mm in Sources */ = {isa = PBXBuildFile; fileRef = 13B07FB01A68108700A75B9A /* AppDelegate.mm */; };
		13B07FBF1A68108700A75B9A /* Images.xcassets in Resources */ = {isa = PBXBuildFile; fileRef = 13B07FB51A68108700A75B9A /* Images.xcassets */; };
		13B07FC11A68108700A75B9A /* main.m in Sources */ = {isa = PBXBuildFile; fileRef = 13B07FB71A68108700A75B9A /* main.m */; };
		7699B88040F8A987B510C191 /* libPods-StarWarsFavorites-StarWarsFavoritesTests.a in Frameworks */ = {isa = PBXBuildFile; fileRef = 19F6CBCC0A4E27FBF8BF4A61 /* libPods-StarWarsFavorites-StarWarsFavoritesTests.a */; };
		81AB9BB82411601600AC10FF /* LaunchScreen.storyboard in Resources */ = {isa = PBXBuildFile; fileRef = 81AB9BB72411601600AC10FF /* LaunchScreen.storyboard */; };
		ADE73BC52B83ED7F0030CADD /* Fontisto.ttf in Resources */ = {isa = PBXBuildFile; fileRef = ADE73BB22B83ED7F0030CADD /* Fontisto.ttf */; };
		ADE73BC62B83ED7F0030CADD /* Octicons.ttf in Resources */ = {isa = PBXBuildFile; fileRef = ADE73BB32B83ED7F0030CADD /* Octicons.ttf */; };
		ADE73BC72B83ED7F0030CADD /* Feather.ttf in Resources */ = {isa = PBXBuildFile; fileRef = ADE73BB42B83ED7F0030CADD /* Feather.ttf */; };
		ADE73BC82B83ED7F0030CADD /* FontAwesome6_Regular.ttf in Resources */ = {isa = PBXBuildFile; fileRef = ADE73BB52B83ED7F0030CADD /* FontAwesome6_Regular.ttf */; };
		ADE73BC92B83ED7F0030CADD /* Entypo.ttf in Resources */ = {isa = PBXBuildFile; fileRef = ADE73BB62B83ED7F0030CADD /* Entypo.ttf */; };
		ADE73BCA2B83ED7F0030CADD /* FontAwesome5_Brands.ttf in Resources */ = {isa = PBXBuildFile; fileRef = ADE73BB72B83ED7F0030CADD /* FontAwesome5_Brands.ttf */; };
		ADE73BCB2B83ED7F0030CADD /* MaterialCommunityIcons.ttf in Resources */ = {isa = PBXBuildFile; fileRef = ADE73BB82B83ED7F0030CADD /* MaterialCommunityIcons.ttf */; };
		ADE73BCC2B83ED7F0030CADD /* AntDesign.ttf in Resources */ = {isa = PBXBuildFile; fileRef = ADE73BB92B83ED7F0030CADD /* AntDesign.ttf */; };
		ADE73BCD2B83ED7F0030CADD /* Foundation.ttf in Resources */ = {isa = PBXBuildFile; fileRef = ADE73BBA2B83ED7F0030CADD /* Foundation.ttf */; };
		ADE73BCE2B83ED7F0030CADD /* Ionicons.ttf in Resources */ = {isa = PBXBuildFile; fileRef = ADE73BBB2B83ED7F0030CADD /* Ionicons.ttf */; };
		ADE73BCF2B83ED7F0030CADD /* FontAwesome5_Solid.ttf in Resources */ = {isa = PBXBuildFile; fileRef = ADE73BBC2B83ED7F0030CADD /* FontAwesome5_Solid.ttf */; };
		ADE73BD02B83ED7F0030CADD /* FontAwesome5_Regular.ttf in Resources */ = {isa = PBXBuildFile; fileRef = ADE73BBD2B83ED7F0030CADD /* FontAwesome5_Regular.ttf */; };
		ADE73BD12B83ED7F0030CADD /* FontAwesome.ttf in Resources */ = {isa = PBXBuildFile; fileRef = ADE73BBE2B83ED7F0030CADD /* FontAwesome.ttf */; };
		ADE73BD22B83ED7F0030CADD /* Zocial.ttf in Resources */ = {isa = PBXBuildFile; fileRef = ADE73BBF2B83ED7F0030CADD /* Zocial.ttf */; };
		ADE73BD32B83ED7F0030CADD /* EvilIcons.ttf in Resources */ = {isa = PBXBuildFile; fileRef = ADE73BC02B83ED7F0030CADD /* EvilIcons.ttf */; };
		ADE73BD42B83ED7F0030CADD /* FontAwesome6_Solid.ttf in Resources */ = {isa = PBXBuildFile; fileRef = ADE73BC12B83ED7F0030CADD /* FontAwesome6_Solid.ttf */; };
		ADE73BD52B83ED7F0030CADD /* SimpleLineIcons.ttf in Resources */ = {isa = PBXBuildFile; fileRef = ADE73BC22B83ED7F0030CADD /* SimpleLineIcons.ttf */; };
		ADE73BD62B83ED7F0030CADD /* FontAwesome6_Brands.ttf in Resources */ = {isa = PBXBuildFile; fileRef = ADE73BC32B83ED7F0030CADD /* FontAwesome6_Brands.ttf */; };
		ADE73BD72B83ED7F0030CADD /* MaterialIcons.ttf in Resources */ = {isa = PBXBuildFile; fileRef = ADE73BC42B83ED7F0030CADD /* MaterialIcons.ttf */; };
/* End PBXBuildFile section */

/* Begin PBXContainerItemProxy section */
		00E356F41AD99517003FC87E /* PBXContainerItemProxy */ = {
			isa = PBXContainerItemProxy;
			containerPortal = 83CBB9F71A601CBA00E9B192 /* Project object */;
			proxyType = 1;
			remoteGlobalIDString = 13B07F861A680F5B00A75B9A;
			remoteInfo = StarWarsFavorites;
		};
/* End PBXContainerItemProxy section */

/* Begin PBXFileReference section */
		00E356EE1AD99517003FC87E /* StarWarsFavoritesTests.xctest */ = {isa = PBXFileReference; explicitFileType = wrapper.cfbundle; includeInIndex = 0; path = StarWarsFavoritesTests.xctest; sourceTree = BUILT_PRODUCTS_DIR; };
		00E356F11AD99517003FC87E /* Info.plist */ = {isa = PBXFileReference; lastKnownFileType = text.plist.xml; path = Info.plist; sourceTree = "<group>"; };
		00E356F21AD99517003FC87E /* StarWarsFavoritesTests.m */ = {isa = PBXFileReference; lastKnownFileType = sourcecode.c.objc; path = StarWarsFavoritesTests.m; sourceTree = "<group>"; };
		13B07F961A680F5B00A75B9A /* StarWarsFavorites.app */ = {isa = PBXFileReference; explicitFileType = wrapper.application; includeInIndex = 0; path = StarWarsFavorites.app; sourceTree = BUILT_PRODUCTS_DIR; };
		13B07FAF1A68108700A75B9A /* AppDelegate.h */ = {isa = PBXFileReference; fileEncoding = 4; lastKnownFileType = sourcecode.c.h; name = AppDelegate.h; path = StarWarsFavorites/AppDelegate.h; sourceTree = "<group>"; };
		13B07FB01A68108700A75B9A /* AppDelegate.mm */ = {isa = PBXFileReference; fileEncoding = 4; lastKnownFileType = sourcecode.cpp.objcpp; name = AppDelegate.mm; path = StarWarsFavorites/AppDelegate.mm; sourceTree = "<group>"; };
		13B07FB51A68108700A75B9A /* Images.xcassets */ = {isa = PBXFileReference; lastKnownFileType = folder.assetcatalog; name = Images.xcassets; path = StarWarsFavorites/Images.xcassets; sourceTree = "<group>"; };
		13B07FB61A68108700A75B9A /* Info.plist */ = {isa = PBXFileReference; fileEncoding = 4; lastKnownFileType = text.plist.xml; name = Info.plist; path = StarWarsFavorites/Info.plist; sourceTree = "<group>"; };
		13B07FB71A68108700A75B9A /* main.m */ = {isa = PBXFileReference; fileEncoding = 4; lastKnownFileType = sourcecode.c.objc; name = main.m; path = StarWarsFavorites/main.m; sourceTree = "<group>"; };
		19F6CBCC0A4E27FBF8BF4A61 /* libPods-StarWarsFavorites-StarWarsFavoritesTests.a */ = {isa = PBXFileReference; explicitFileType = archive.ar; includeInIndex = 0; path = "libPods-StarWarsFavorites-StarWarsFavoritesTests.a"; sourceTree = BUILT_PRODUCTS_DIR; };
		3B4392A12AC88292D35C810B /* Pods-StarWarsFavorites.debug.xcconfig */ = {isa = PBXFileReference; includeInIndex = 1; lastKnownFileType = text.xcconfig; name = "Pods-StarWarsFavorites.debug.xcconfig"; path = "Target Support Files/Pods-StarWarsFavorites/Pods-StarWarsFavorites.debug.xcconfig"; sourceTree = "<group>"; };
		5709B34CF0A7D63546082F79 /* Pods-StarWarsFavorites.release.xcconfig */ = {isa = PBXFileReference; includeInIndex = 1; lastKnownFileType = text.xcconfig; name = "Pods-StarWarsFavorites.release.xcconfig"; path = "Target Support Files/Pods-StarWarsFavorites/Pods-StarWarsFavorites.release.xcconfig"; sourceTree = "<group>"; };
		5B7EB9410499542E8C5724F5 /* Pods-StarWarsFavorites-StarWarsFavoritesTests.debug.xcconfig */ = {isa = PBXFileReference; includeInIndex = 1; lastKnownFileType = text.xcconfig; name = "Pods-StarWarsFavorites-StarWarsFavoritesTests.debug.xcconfig"; path = "Target Support Files/Pods-StarWarsFavorites-StarWarsFavoritesTests/Pods-StarWarsFavorites-StarWarsFavoritesTests.debug.xcconfig"; sourceTree = "<group>"; };
		5DCACB8F33CDC322A6C60F78 /* libPods-StarWarsFavorites.a */ = {isa = PBXFileReference; explicitFileType = archive.ar; includeInIndex = 0; path = "libPods-StarWarsFavorites.a"; sourceTree = BUILT_PRODUCTS_DIR; };
		81AB9BB72411601600AC10FF /* LaunchScreen.storyboard */ = {isa = PBXFileReference; fileEncoding = 4; lastKnownFileType = file.storyboard; name = LaunchScreen.storyboard; path = StarWarsFavorites/LaunchScreen.storyboard; sourceTree = "<group>"; };
		89C6BE57DB24E9ADA2F236DE /* Pods-StarWarsFavorites-StarWarsFavoritesTests.release.xcconfig */ = {isa = PBXFileReference; includeInIndex = 1; lastKnownFileType = text.xcconfig; name = "Pods-StarWarsFavorites-StarWarsFavoritesTests.release.xcconfig"; path = "Target Support Files/Pods-StarWarsFavorites-StarWarsFavoritesTests/Pods-StarWarsFavorites-StarWarsFavoritesTests.release.xcconfig"; sourceTree = "<group>"; };
		ADE73BB22B83ED7F0030CADD /* Fontisto.ttf */ = {isa = PBXFileReference; lastKnownFileType = file; path = Fontisto.ttf; sourceTree = "<group>"; };
		ADE73BB32B83ED7F0030CADD /* Octicons.ttf */ = {isa = PBXFileReference; lastKnownFileType = file; path = Octicons.ttf; sourceTree = "<group>"; };
		ADE73BB42B83ED7F0030CADD /* Feather.ttf */ = {isa = PBXFileReference; lastKnownFileType = file; path = Feather.ttf; sourceTree = "<group>"; };
		ADE73BB52B83ED7F0030CADD /* FontAwesome6_Regular.ttf */ = {isa = PBXFileReference; lastKnownFileType = file; path = FontAwesome6_Regular.ttf; sourceTree = "<group>"; };
		ADE73BB62B83ED7F0030CADD /* Entypo.ttf */ = {isa = PBXFileReference; lastKnownFileType = file; path = Entypo.ttf; sourceTree = "<group>"; };
		ADE73BB72B83ED7F0030CADD /* FontAwesome5_Brands.ttf */ = {isa = PBXFileReference; lastKnownFileType = file; path = FontAwesome5_Brands.ttf; sourceTree = "<group>"; };
		ADE73BB82B83ED7F0030CADD /* MaterialCommunityIcons.ttf */ = {isa = PBXFileReference; lastKnownFileType = file; path = MaterialCommunityIcons.ttf; sourceTree = "<group>"; };
		ADE73BB92B83ED7F0030CADD /* AntDesign.ttf */ = {isa = PBXFileReference; lastKnownFileType = file; path = AntDesign.ttf; sourceTree = "<group>"; };
		ADE73BBA2B83ED7F0030CADD /* Foundation.ttf */ = {isa = PBXFileReference; lastKnownFileType = file; path = Foundation.ttf; sourceTree = "<group>"; };
		ADE73BBB2B83ED7F0030CADD /* Ionicons.ttf */ = {isa = PBXFileReference; lastKnownFileType = file; path = Ionicons.ttf; sourceTree = "<group>"; };
		ADE73BBC2B83ED7F0030CADD /* FontAwesome5_Solid.ttf */ = {isa = PBXFileReference; lastKnownFileType = file; path = FontAwesome5_Solid.ttf; sourceTree = "<group>"; };
		ADE73BBD2B83ED7F0030CADD /* FontAwesome5_Regular.ttf */ = {isa = PBXFileReference; lastKnownFileType = file; path = FontAwesome5_Regular.ttf; sourceTree = "<group>"; };
		ADE73BBE2B83ED7F0030CADD /* FontAwesome.ttf */ = {isa = PBXFileReference; lastKnownFileType = file; path = FontAwesome.ttf; sourceTree = "<group>"; };
		ADE73BBF2B83ED7F0030CADD /* Zocial.ttf */ = {isa = PBXFileReference; lastKnownFileType = file; path = Zocial.ttf; sourceTree = "<group>"; };
		ADE73BC02B83ED7F0030CADD /* EvilIcons.ttf */ = {isa = PBXFileReference; lastKnownFileType = file; path = EvilIcons.ttf; sourceTree = "<group>"; };
		ADE73BC12B83ED7F0030CADD /* FontAwesome6_Solid.ttf */ = {isa = PBXFileReference; lastKnownFileType = file; path = FontAwesome6_Solid.ttf; sourceTree = "<group>"; };
		ADE73BC22B83ED7F0030CADD /* SimpleLineIcons.ttf */ = {isa = PBXFileReference; lastKnownFileType = file; path = SimpleLineIcons.ttf; sourceTree = "<group>"; };
		ADE73BC32B83ED7F0030CADD /* FontAwesome6_Brands.ttf */ = {isa = PBXFileReference; lastKnownFileType = file; path = FontAwesome6_Brands.ttf; sourceTree = "<group>"; };
		ADE73BC42B83ED7F0030CADD /* MaterialIcons.ttf */ = {isa = PBXFileReference; lastKnownFileType = file; path = MaterialIcons.ttf; sourceTree = "<group>"; };
		ED297162215061F000B7C4FE /* JavaScriptCore.framework */ = {isa = PBXFileReference; lastKnownFileType = wrapper.framework; name = JavaScriptCore.framework; path = System/Library/Frameworks/JavaScriptCore.framework; sourceTree = SDKROOT; };
/* End PBXFileReference section */

/* Begin PBXFrameworksBuildPhase section */
		00E356EB1AD99517003FC87E /* Frameworks */ = {
			isa = PBXFrameworksBuildPhase;
			buildActionMask = 2147483647;
			files = (
				7699B88040F8A987B510C191 /* libPods-StarWarsFavorites-StarWarsFavoritesTests.a in Frameworks */,
			);
			runOnlyForDeploymentPostprocessing = 0;
		};
		13B07F8C1A680F5B00A75B9A /* Frameworks */ = {
			isa = PBXFrameworksBuildPhase;
			buildActionMask = 2147483647;
			files = (
				0C80B921A6F3F58F76C31292 /* libPods-StarWarsFavorites.a in Frameworks */,
			);
			runOnlyForDeploymentPostprocessing = 0;
		};
/* End PBXFrameworksBuildPhase section */

/* Begin PBXGroup section */
		00E356EF1AD99517003FC87E /* StarWarsFavoritesTests */ = {
			isa = PBXGroup;
			children = (
				00E356F21AD99517003FC87E /* StarWarsFavoritesTests.m */,
				00E356F01AD99517003FC87E /* Supporting Files */,
			);
			path = StarWarsFavoritesTests;
			sourceTree = "<group>";
		};
		00E356F01AD99517003FC87E /* Supporting Files */ = {
			isa = PBXGroup;
			children = (
				00E356F11AD99517003FC87E /* Info.plist */,
			);
			name = "Supporting Files";
			sourceTree = "<group>";
		};
		13B07FAE1A68108700A75B9A /* StarWarsFavorites */ = {
			isa = PBXGroup;
			children = (
				ADE73BB12B83ED7F0030CADD /* Fonts */,
				13B07FAF1A68108700A75B9A /* AppDelegate.h */,
				13B07FB01A68108700A75B9A /* AppDelegate.mm */,
				13B07FB51A68108700A75B9A /* Images.xcassets */,
				13B07FB61A68108700A75B9A /* Info.plist */,
				81AB9BB72411601600AC10FF /* LaunchScreen.storyboard */,
				13B07FB71A68108700A75B9A /* main.m */,
			);
			name = StarWarsFavorites;
			sourceTree = "<group>";
		};
		2D16E6871FA4F8E400B85C8A /* Frameworks */ = {
			isa = PBXGroup;
			children = (
				ED297162215061F000B7C4FE /* JavaScriptCore.framework */,
				5DCACB8F33CDC322A6C60F78 /* libPods-StarWarsFavorites.a */,
				19F6CBCC0A4E27FBF8BF4A61 /* libPods-StarWarsFavorites-StarWarsFavoritesTests.a */,
			);
			name = Frameworks;
			sourceTree = "<group>";
		};
		832341AE1AAA6A7D00B99B32 /* Libraries */ = {
			isa = PBXGroup;
			children = (
			);
			name = Libraries;
			sourceTree = "<group>";
		};
		83CBB9F61A601CBA00E9B192 = {
			isa = PBXGroup;
			children = (
				13B07FAE1A68108700A75B9A /* StarWarsFavorites */,
				832341AE1AAA6A7D00B99B32 /* Libraries */,
				00E356EF1AD99517003FC87E /* StarWarsFavoritesTests */,
				83CBBA001A601CBA00E9B192 /* Products */,
				2D16E6871FA4F8E400B85C8A /* Frameworks */,
				BBD78D7AC51CEA395F1C20DB /* Pods */,
			);
			indentWidth = 2;
			sourceTree = "<group>";
			tabWidth = 2;
			usesTabs = 0;
		};
		83CBBA001A601CBA00E9B192 /* Products */ = {
			isa = PBXGroup;
			children = (
				13B07F961A680F5B00A75B9A /* StarWarsFavorites.app */,
				00E356EE1AD99517003FC87E /* StarWarsFavoritesTests.xctest */,
			);
			name = Products;
			sourceTree = "<group>";
		};
		ADE73BB12B83ED7F0030CADD /* Fonts */ = {
			isa = PBXGroup;
			children = (
				ADE73BB22B83ED7F0030CADD /* Fontisto.ttf */,
				ADE73BB32B83ED7F0030CADD /* Octicons.ttf */,
				ADE73BB42B83ED7F0030CADD /* Feather.ttf */,
				ADE73BB52B83ED7F0030CADD /* FontAwesome6_Regular.ttf */,
				ADE73BB62B83ED7F0030CADD /* Entypo.ttf */,
				ADE73BB72B83ED7F0030CADD /* FontAwesome5_Brands.ttf */,
				ADE73BB82B83ED7F0030CADD /* MaterialCommunityIcons.ttf */,
				ADE73BB92B83ED7F0030CADD /* AntDesign.ttf */,
				ADE73BBA2B83ED7F0030CADD /* Foundation.ttf */,
				ADE73BBB2B83ED7F0030CADD /* Ionicons.ttf */,
				ADE73BBC2B83ED7F0030CADD /* FontAwesome5_Solid.ttf */,
				ADE73BBD2B83ED7F0030CADD /* FontAwesome5_Regular.ttf */,
				ADE73BBE2B83ED7F0030CADD /* FontAwesome.ttf */,
				ADE73BBF2B83ED7F0030CADD /* Zocial.ttf */,
				ADE73BC02B83ED7F0030CADD /* EvilIcons.ttf */,
				ADE73BC12B83ED7F0030CADD /* FontAwesome6_Solid.ttf */,
				ADE73BC22B83ED7F0030CADD /* SimpleLineIcons.ttf */,
				ADE73BC32B83ED7F0030CADD /* FontAwesome6_Brands.ttf */,
				ADE73BC42B83ED7F0030CADD /* MaterialIcons.ttf */,
			);
			path = Fonts;
			sourceTree = "<group>";
		};
		BBD78D7AC51CEA395F1C20DB /* Pods */ = {
			isa = PBXGroup;
			children = (
				3B4392A12AC88292D35C810B /* Pods-StarWarsFavorites.debug.xcconfig */,
				5709B34CF0A7D63546082F79 /* Pods-StarWarsFavorites.release.xcconfig */,
				5B7EB9410499542E8C5724F5 /* Pods-StarWarsFavorites-StarWarsFavoritesTests.debug.xcconfig */,
				89C6BE57DB24E9ADA2F236DE /* Pods-StarWarsFavorites-StarWarsFavoritesTests.release.xcconfig */,
			);
			path = Pods;
			sourceTree = "<group>";
		};
/* End PBXGroup section */

/* Begin PBXNativeTarget section */
		00E356ED1AD99517003FC87E /* StarWarsFavoritesTests */ = {
			isa = PBXNativeTarget;
			buildConfigurationList = 00E357021AD99517003FC87E /* Build configuration list for PBXNativeTarget "StarWarsFavoritesTests" */;
			buildPhases = (
				A55EABD7B0C7F3A422A6CC61 /* [CP] Check Pods Manifest.lock */,
				00E356EA1AD99517003FC87E /* Sources */,
				00E356EB1AD99517003FC87E /* Frameworks */,
				00E356EC1AD99517003FC87E /* Resources */,
				C59DA0FBD6956966B86A3779 /* [CP] Embed Pods Frameworks */,
				F6A41C54EA430FDDC6A6ED99 /* [CP] Copy Pods Resources */,
			);
			buildRules = (
			);
			dependencies = (
				00E356F51AD99517003FC87E /* PBXTargetDependency */,
			);
			name = StarWarsFavoritesTests;
			productName = StarWarsFavoritesTests;
			productReference = 00E356EE1AD99517003FC87E /* StarWarsFavoritesTests.xctest */;
			productType = "com.apple.product-type.bundle.unit-test";
		};
		13B07F861A680F5B00A75B9A /* StarWarsFavorites */ = {
			isa = PBXNativeTarget;
			buildConfigurationList = 13B07F931A680F5B00A75B9A /* Build configuration list for PBXNativeTarget "StarWarsFavorites" */;
			buildPhases = (
				C38B50BA6285516D6DCD4F65 /* [CP] Check Pods Manifest.lock */,
				13B07F871A680F5B00A75B9A /* Sources */,
				13B07F8C1A680F5B00A75B9A /* Frameworks */,
				13B07F8E1A680F5B00A75B9A /* Resources */,
				00DD1BFF1BD5951E006B06BC /* Bundle React Native code and images */,
				00EEFC60759A1932668264C0 /* [CP] Embed Pods Frameworks */,
				E235C05ADACE081382539298 /* [CP] Copy Pods Resources */,
			);
			buildRules = (
			);
			dependencies = (
			);
			name = StarWarsFavorites;
			productName = StarWarsFavorites;
			productReference = 13B07F961A680F5B00A75B9A /* StarWarsFavorites.app */;
			productType = "com.apple.product-type.application";
		};
/* End PBXNativeTarget section */

/* Begin PBXProject section */
		83CBB9F71A601CBA00E9B192 /* Project object */ = {
			isa = PBXProject;
			attributes = {
				LastUpgradeCheck = 1210;
				TargetAttributes = {
					00E356ED1AD99517003FC87E = {
						CreatedOnToolsVersion = 6.2;
						TestTargetID = 13B07F861A680F5B00A75B9A;
					};
					13B07F861A680F5B00A75B9A = {
						LastSwiftMigration = 1120;
					};
				};
			};
			buildConfigurationList = 83CBB9FA1A601CBA00E9B192 /* Build configuration list for PBXProject "StarWarsFavorites" */;
			compatibilityVersion = "Xcode 12.0";
			developmentRegion = en;
			hasScannedForEncodings = 0;
			knownRegions = (
				en,
				Base,
			);
			mainGroup = 83CBB9F61A601CBA00E9B192;
			productRefGroup = 83CBBA001A601CBA00E9B192 /* Products */;
			projectDirPath = "";
			projectRoot = "";
			targets = (
				13B07F861A680F5B00A75B9A /* StarWarsFavorites */,
				00E356ED1AD99517003FC87E /* StarWarsFavoritesTests */,
			);
		};
/* End PBXProject section */

/* Begin PBXResourcesBuildPhase section */
		00E356EC1AD99517003FC87E /* Resources */ = {
			isa = PBXResourcesBuildPhase;
			buildActionMask = 2147483647;
			files = (
			);
			runOnlyForDeploymentPostprocessing = 0;
		};
		13B07F8E1A680F5B00A75B9A /* Resources */ = {
			isa = PBXResourcesBuildPhase;
			buildActionMask = 2147483647;
			files = (
				ADE73BD02B83ED7F0030CADD /* FontAwesome5_Regular.ttf in Resources */,
				ADE73BC52B83ED7F0030CADD /* Fontisto.ttf in Resources */,
				ADE73BCA2B83ED7F0030CADD /* FontAwesome5_Brands.ttf in Resources */,
				ADE73BCE2B83ED7F0030CADD /* Ionicons.ttf in Resources */,
				ADE73BCF2B83ED7F0030CADD /* FontAwesome5_Solid.ttf in Resources */,
				ADE73BC92B83ED7F0030CADD /* Entypo.ttf in Resources */,
				81AB9BB82411601600AC10FF /* LaunchScreen.storyboard in Resources */,
				ADE73BCC2B83ED7F0030CADD /* AntDesign.ttf in Resources */,
				ADE73BD22B83ED7F0030CADD /* Zocial.ttf in Resources */,
				ADE73BCD2B83ED7F0030CADD /* Foundation.ttf in Resources */,
				ADE73BD62B83ED7F0030CADD /* FontAwesome6_Brands.ttf in Resources */,
				ADE73BC72B83ED7F0030CADD /* Feather.ttf in Resources */,
				ADE73BD52B83ED7F0030CADD /* SimpleLineIcons.ttf in Resources */,
				ADE73BD32B83ED7F0030CADD /* EvilIcons.ttf in Resources */,
				ADE73BC62B83ED7F0030CADD /* Octicons.ttf in Resources */,
				ADE73BD12B83ED7F0030CADD /* FontAwesome.ttf in Resources */,
				13B07FBF1A68108700A75B9A /* Images.xcassets in Resources */,
				ADE73BCB2B83ED7F0030CADD /* MaterialCommunityIcons.ttf in Resources */,
				ADE73BD42B83ED7F0030CADD /* FontAwesome6_Solid.ttf in Resources */,
				ADE73BC82B83ED7F0030CADD /* FontAwesome6_Regular.ttf in Resources */,
				ADE73BD72B83ED7F0030CADD /* MaterialIcons.ttf in Resources */,
			);
			runOnlyForDeploymentPostprocessing = 0;
		};
/* End PBXResourcesBuildPhase section */

/* Begin PBXShellScriptBuildPhase section */
		00DD1BFF1BD5951E006B06BC /* Bundle React Native code and images */ = {
			isa = PBXShellScriptBuildPhase;
			buildActionMask = 2147483647;
			files = (
			);
			inputPaths = (
				"$(SRCROOT)/.xcode.env.local",
				"$(SRCROOT)/.xcode.env",
			);
			name = "Bundle React Native code and images";
			outputPaths = (
			);
			runOnlyForDeploymentPostprocessing = 0;
			shellPath = /bin/sh;
			shellScript = "set -e\n\nWITH_ENVIRONMENT=\"../node_modules/react-native/scripts/xcode/with-environment.sh\"\nREACT_NATIVE_XCODE=\"../node_modules/react-native/scripts/react-native-xcode.sh\"\n\n/bin/sh -c \"$WITH_ENVIRONMENT $REACT_NATIVE_XCODE\"\n";
		};
		00EEFC60759A1932668264C0 /* [CP] Embed Pods Frameworks */ = {
			isa = PBXShellScriptBuildPhase;
			buildActionMask = 2147483647;
			files = (
			);
			inputFileListPaths = (
				"${PODS_ROOT}/Target Support Files/Pods-StarWarsFavorites/Pods-StarWarsFavorites-frameworks-${CONFIGURATION}-input-files.xcfilelist",
			);
			name = "[CP] Embed Pods Frameworks";
			outputFileListPaths = (
				"${PODS_ROOT}/Target Support Files/Pods-StarWarsFavorites/Pods-StarWarsFavorites-frameworks-${CONFIGURATION}-output-files.xcfilelist",
			);
			runOnlyForDeploymentPostprocessing = 0;
			shellPath = /bin/sh;
			shellScript = "\"${PODS_ROOT}/Target Support Files/Pods-StarWarsFavorites/Pods-StarWarsFavorites-frameworks.sh\"\n";
			showEnvVarsInLog = 0;
		};
		A55EABD7B0C7F3A422A6CC61 /* [CP] Check Pods Manifest.lock */ = {
			isa = PBXShellScriptBuildPhase;
			buildActionMask = 2147483647;
			files = (
			);
			inputFileListPaths = (
			);
			inputPaths = (
				"${PODS_PODFILE_DIR_PATH}/Podfile.lock",
				"${PODS_ROOT}/Manifest.lock",
			);
			name = "[CP] Check Pods Manifest.lock";
			outputFileListPaths = (
			);
			outputPaths = (
				"$(DERIVED_FILE_DIR)/Pods-StarWarsFavorites-StarWarsFavoritesTests-checkManifestLockResult.txt",
			);
			runOnlyForDeploymentPostprocessing = 0;
			shellPath = /bin/sh;
			shellScript = "diff \"${PODS_PODFILE_DIR_PATH}/Podfile.lock\" \"${PODS_ROOT}/Manifest.lock\" > /dev/null\nif [ $? != 0 ] ; then\n    # print error to STDERR\n    echo \"error: The sandbox is not in sync with the Podfile.lock. Run 'pod install' or update your CocoaPods installation.\" >&2\n    exit 1\nfi\n# This output is used by Xcode 'outputs' to avoid re-running this script phase.\necho \"SUCCESS\" > \"${SCRIPT_OUTPUT_FILE_0}\"\n";
			showEnvVarsInLog = 0;
		};
		C38B50BA6285516D6DCD4F65 /* [CP] Check Pods Manifest.lock */ = {
			isa = PBXShellScriptBuildPhase;
			buildActionMask = 2147483647;
			files = (
			);
			inputFileListPaths = (
			);
			inputPaths = (
				"${PODS_PODFILE_DIR_PATH}/Podfile.lock",
				"${PODS_ROOT}/Manifest.lock",
			);
			name = "[CP] Check Pods Manifest.lock";
			outputFileListPaths = (
			);
			outputPaths = (
				"$(DERIVED_FILE_DIR)/Pods-StarWarsFavorites-checkManifestLockResult.txt",
			);
			runOnlyForDeploymentPostprocessing = 0;
			shellPath = /bin/sh;
			shellScript = "diff \"${PODS_PODFILE_DIR_PATH}/Podfile.lock\" \"${PODS_ROOT}/Manifest.lock\" > /dev/null\nif [ $? != 0 ] ; then\n    # print error to STDERR\n    echo \"error: The sandbox is not in sync with the Podfile.lock. Run 'pod install' or update your CocoaPods installation.\" >&2\n    exit 1\nfi\n# This output is used by Xcode 'outputs' to avoid re-running this script phase.\necho \"SUCCESS\" > \"${SCRIPT_OUTPUT_FILE_0}\"\n";
			showEnvVarsInLog = 0;
		};
		C59DA0FBD6956966B86A3779 /* [CP] Embed Pods Frameworks */ = {
			isa = PBXShellScriptBuildPhase;
			buildActionMask = 2147483647;
			files = (
			);
			inputFileListPaths = (
				"${PODS_ROOT}/Target Support Files/Pods-StarWarsFavorites-StarWarsFavoritesTests/Pods-StarWarsFavorites-StarWarsFavoritesTests-frameworks-${CONFIGURATION}-input-files.xcfilelist",
			);
			name = "[CP] Embed Pods Frameworks";
			outputFileListPaths = (
				"${PODS_ROOT}/Target Support Files/Pods-StarWarsFavorites-StarWarsFavoritesTests/Pods-StarWarsFavorites-StarWarsFavoritesTests-frameworks-${CONFIGURATION}-output-files.xcfilelist",
			);
			runOnlyForDeploymentPostprocessing = 0;
			shellPath = /bin/sh;
			shellScript = "\"${PODS_ROOT}/Target Support Files/Pods-StarWarsFavorites-StarWarsFavoritesTests/Pods-StarWarsFavorites-StarWarsFavoritesTests-frameworks.sh\"\n";
			showEnvVarsInLog = 0;
		};
		E235C05ADACE081382539298 /* [CP] Copy Pods Resources */ = {
			isa = PBXShellScriptBuildPhase;
			buildActionMask = 2147483647;
			files = (
			);
			inputFileListPaths = (
				"${PODS_ROOT}/Target Support Files/Pods-StarWarsFavorites/Pods-StarWarsFavorites-resources-${CONFIGURATION}-input-files.xcfilelist",
			);
			name = "[CP] Copy Pods Resources";
			outputFileListPaths = (
				"${PODS_ROOT}/Target Support Files/Pods-StarWarsFavorites/Pods-StarWarsFavorites-resources-${CONFIGURATION}-output-files.xcfilelist",
			);
			runOnlyForDeploymentPostprocessing = 0;
			shellPath = /bin/sh;
			shellScript = "\"${PODS_ROOT}/Target Support Files/Pods-StarWarsFavorites/Pods-StarWarsFavorites-resources.sh\"\n";
			showEnvVarsInLog = 0;
		};
		F6A41C54EA430FDDC6A6ED99 /* [CP] Copy Pods Resources */ = {
			isa = PBXShellScriptBuildPhase;
			buildActionMask = 2147483647;
			files = (
			);
			inputFileListPaths = (
				"${PODS_ROOT}/Target Support Files/Pods-StarWarsFavorites-StarWarsFavoritesTests/Pods-StarWarsFavorites-StarWarsFavoritesTests-resources-${CONFIGURATION}-input-files.xcfilelist",
			);
			name = "[CP] Copy Pods Resources";
			outputFileListPaths = (
				"${PODS_ROOT}/Target Support Files/Pods-StarWarsFavorites-StarWarsFavoritesTests/Pods-StarWarsFavorites-StarWarsFavoritesTests-resources-${CONFIGURATION}-output-files.xcfilelist",
			);
			runOnlyForDeploymentPostprocessing = 0;
			shellPath = /bin/sh;
			shellScript = "\"${PODS_ROOT}/Target Support Files/Pods-StarWarsFavorites-StarWarsFavoritesTests/Pods-StarWarsFavorites-StarWarsFavoritesTests-resources.sh\"\n";
			showEnvVarsInLog = 0;
		};
/* End PBXShellScriptBuildPhase section */

/* Begin PBXSourcesBuildPhase section */
		00E356EA1AD99517003FC87E /* Sources */ = {
			isa = PBXSourcesBuildPhase;
			buildActionMask = 2147483647;
			files = (
				00E356F31AD99517003FC87E /* StarWarsFavoritesTests.m in Sources */,
			);
			runOnlyForDeploymentPostprocessing = 0;
		};
		13B07F871A680F5B00A75B9A /* Sources */ = {
			isa = PBXSourcesBuildPhase;
			buildActionMask = 2147483647;
			files = (
				13B07FBC1A68108700A75B9A /* AppDelegate.mm in Sources */,
				13B07FC11A68108700A75B9A /* main.m in Sources */,
			);
			runOnlyForDeploymentPostprocessing = 0;
		};
/* End PBXSourcesBuildPhase section */

/* Begin PBXTargetDependency section */
		00E356F51AD99517003FC87E /* PBXTargetDependency */ = {
			isa = PBXTargetDependency;
			target = 13B07F861A680F5B00A75B9A /* StarWarsFavorites */;
			targetProxy = 00E356F41AD99517003FC87E /* PBXContainerItemProxy */;
		};
/* End PBXTargetDependency section */

/* Begin XCBuildConfiguration section */
		00E356F61AD99517003FC87E /* Debug */ = {
			isa = XCBuildConfiguration;
			baseConfigurationReference = 5B7EB9410499542E8C5724F5 /* Pods-StarWarsFavorites-StarWarsFavoritesTests.debug.xcconfig */;
			buildSettings = {
				BUNDLE_LOADER = "$(TEST_HOST)";
				GCC_PREPROCESSOR_DEFINITIONS = (
					"DEBUG=1",
					"$(inherited)",
				);
				INFOPLIST_FILE = StarWarsFavoritesTests/Info.plist;
				IPHONEOS_DEPLOYMENT_TARGET = 13.4;
				LD_RUNPATH_SEARCH_PATHS = (
					"$(inherited)",
					"@executable_path/Frameworks",
					"@loader_path/Frameworks",
				);
				OTHER_LDFLAGS = (
					"-ObjC",
					"-lc++",
					"$(inherited)",
				);
				PRODUCT_BUNDLE_IDENTIFIER = "org.reactjs.native.example.$(PRODUCT_NAME:rfc1034identifier)";
				PRODUCT_NAME = "$(TARGET_NAME)";
				TEST_HOST = "$(BUILT_PRODUCTS_DIR)/StarWarsFavorites.app/StarWarsFavorites";
			};
			name = Debug;
		};
		00E356F71AD99517003FC87E /* Release */ = {
			isa = XCBuildConfiguration;
			baseConfigurationReference = 89C6BE57DB24E9ADA2F236DE /* Pods-StarWarsFavorites-StarWarsFavoritesTests.release.xcconfig */;
			buildSettings = {
				BUNDLE_LOADER = "$(TEST_HOST)";
				COPY_PHASE_STRIP = NO;
				INFOPLIST_FILE = StarWarsFavoritesTests/Info.plist;
				IPHONEOS_DEPLOYMENT_TARGET = 13.4;
				LD_RUNPATH_SEARCH_PATHS = (
					"$(inherited)",
					"@executable_path/Frameworks",
					"@loader_path/Frameworks",
				);
				OTHER_LDFLAGS = (
					"-ObjC",
					"-lc++",
					"$(inherited)",
				);
				PRODUCT_BUNDLE_IDENTIFIER = "org.reactjs.native.example.$(PRODUCT_NAME:rfc1034identifier)";
				PRODUCT_NAME = "$(TARGET_NAME)";
				TEST_HOST = "$(BUILT_PRODUCTS_DIR)/StarWarsFavorites.app/StarWarsFavorites";
			};
			name = Release;
		};
		13B07F941A680F5B00A75B9A /* Debug */ = {
			isa = XCBuildConfiguration;
			baseConfigurationReference = 3B4392A12AC88292D35C810B /* Pods-StarWarsFavorites.debug.xcconfig */;
			buildSettings = {
				ASSETCATALOG_COMPILER_APPICON_NAME = AppIcon;
				CLANG_ENABLE_MODULES = YES;
				CURRENT_PROJECT_VERSION = 1;
				ENABLE_BITCODE = NO;
				INFOPLIST_FILE = StarWarsFavorites/Info.plist;
				LD_RUNPATH_SEARCH_PATHS = (
					"$(inherited)",
					"@executable_path/Frameworks",
				);
				MARKETING_VERSION = 1.0;
				OTHER_LDFLAGS = (
					"$(inherited)",
					"-ObjC",
					"-lc++",
				);
				PRODUCT_BUNDLE_IDENTIFIER = "org.reactjs.native.example.$(PRODUCT_NAME:rfc1034identifier)";
				PRODUCT_NAME = StarWarsFavorites;
				SWIFT_OPTIMIZATION_LEVEL = "-Onone";
				SWIFT_VERSION = 5.0;
				VERSIONING_SYSTEM = "apple-generic";
			};
			name = Debug;
		};
		13B07F951A680F5B00A75B9A /* Release */ = {
			isa = XCBuildConfiguration;
			baseConfigurationReference = 5709B34CF0A7D63546082F79 /* Pods-StarWarsFavorites.release.xcconfig */;
			buildSettings = {
				ASSETCATALOG_COMPILER_APPICON_NAME = AppIcon;
				CLANG_ENABLE_MODULES = YES;
				CURRENT_PROJECT_VERSION = 1;
				INFOPLIST_FILE = StarWarsFavorites/Info.plist;
				LD_RUNPATH_SEARCH_PATHS = (
					"$(inherited)",
					"@executable_path/Frameworks",
				);
				MARKETING_VERSION = 1.0;
				OTHER_LDFLAGS = (
					"$(inherited)",
					"-ObjC",
					"-lc++",
				);
				PRODUCT_BUNDLE_IDENTIFIER = "org.reactjs.native.example.$(PRODUCT_NAME:rfc1034identifier)";
				PRODUCT_NAME = StarWarsFavorites;
				SWIFT_VERSION = 5.0;
				VERSIONING_SYSTEM = "apple-generic";
			};
			name = Release;
		};
		83CBBA201A601CBA00E9B192 /* Debug */ = {
			isa = XCBuildConfiguration;
			buildSettings = {
				ALWAYS_SEARCH_USER_PATHS = NO;
				CLANG_ANALYZER_LOCALIZABILITY_NONLOCALIZED = YES;
				CLANG_CXX_LANGUAGE_STANDARD = "c++20";
				CLANG_CXX_LIBRARY = "libc++";
				CLANG_ENABLE_MODULES = YES;
				CLANG_ENABLE_OBJC_ARC = YES;
				CLANG_WARN_BLOCK_CAPTURE_AUTORELEASING = YES;
				CLANG_WARN_BOOL_CONVERSION = YES;
				CLANG_WARN_COMMA = YES;
				CLANG_WARN_CONSTANT_CONVERSION = YES;
				CLANG_WARN_DEPRECATED_OBJC_IMPLEMENTATIONS = YES;
				CLANG_WARN_DIRECT_OBJC_ISA_USAGE = YES_ERROR;
				CLANG_WARN_EMPTY_BODY = YES;
				CLANG_WARN_ENUM_CONVERSION = YES;
				CLANG_WARN_INFINITE_RECURSION = YES;
				CLANG_WARN_INT_CONVERSION = YES;
				CLANG_WARN_NON_LITERAL_NULL_CONVERSION = YES;
				CLANG_WARN_OBJC_IMPLICIT_RETAIN_SELF = YES;
				CLANG_WARN_OBJC_LITERAL_CONVERSION = YES;
				CLANG_WARN_OBJC_ROOT_CLASS = YES_ERROR;
				CLANG_WARN_QUOTED_INCLUDE_IN_FRAMEWORK_HEADER = YES;
				CLANG_WARN_RANGE_LOOP_ANALYSIS = YES;
				CLANG_WARN_STRICT_PROTOTYPES = YES;
				CLANG_WARN_SUSPICIOUS_MOVE = YES;
				CLANG_WARN_UNREACHABLE_CODE = YES;
				CLANG_WARN__DUPLICATE_METHOD_MATCH = YES;
				"CODE_SIGN_IDENTITY[sdk=iphoneos*]" = "iPhone Developer";
				COPY_PHASE_STRIP = NO;
				ENABLE_STRICT_OBJC_MSGSEND = YES;
				ENABLE_TESTABILITY = YES;
				"EXCLUDED_ARCHS[sdk=iphonesimulator*]" = i386;
				GCC_C_LANGUAGE_STANDARD = gnu99;
				GCC_DYNAMIC_NO_PIC = NO;
				GCC_NO_COMMON_BLOCKS = YES;
				GCC_OPTIMIZATION_LEVEL = 0;
				GCC_PREPROCESSOR_DEFINITIONS = (
					"DEBUG=1",
					"$(inherited)",
				);
				GCC_SYMBOLS_PRIVATE_EXTERN = NO;
				GCC_WARN_64_TO_32_BIT_CONVERSION = YES;
				GCC_WARN_ABOUT_RETURN_TYPE = YES_ERROR;
				GCC_WARN_UNDECLARED_SELECTOR = YES;
				GCC_WARN_UNINITIALIZED_AUTOS = YES_AGGRESSIVE;
				GCC_WARN_UNUSED_FUNCTION = YES;
				GCC_WARN_UNUSED_VARIABLE = YES;
				IPHONEOS_DEPLOYMENT_TARGET = 13.4;
				LD_RUNPATH_SEARCH_PATHS = (
					/usr/lib/swift,
					"$(inherited)",
				);
				LIBRARY_SEARCH_PATHS = (
					"\"$(SDKROOT)/usr/lib/swift\"",
					"\"$(TOOLCHAIN_DIR)/usr/lib/swift/$(PLATFORM_NAME)\"",
					"\"$(inherited)\"",
				);
				MTL_ENABLE_DEBUG_INFO = YES;
				ONLY_ACTIVE_ARCH = YES;
				OTHER_CFLAGS = "$(inherited)";
				OTHER_CPLUSPLUSFLAGS = (
					"$(OTHER_CFLAGS)",
					"-DFOLLY_NO_CONFIG",
					"-DFOLLY_MOBILE=1",
					"-DFOLLY_USE_LIBCPP=1",
					"-DFOLLY_CFG_NO_COROUTINES=1",
				);
				OTHER_LDFLAGS = "$(inherited)  ";
				REACT_NATIVE_PATH = "${PODS_ROOT}/../../node_modules/react-native";
				SDKROOT = iphoneos;
				USE_HERMES = true;
			};
			name = Debug;
		};
		83CBBA211A601CBA00E9B192 /* Release */ = {
			isa = XCBuildConfiguration;
			buildSettings = {
				ALWAYS_SEARCH_USER_PATHS = NO;
				CLANG_ANALYZER_LOCALIZABILITY_NONLOCALIZED = YES;
				CLANG_CXX_LANGUAGE_STANDARD = "c++20";
				CLANG_CXX_LIBRARY = "libc++";
				CLANG_ENABLE_MODULES = YES;
				CLANG_ENABLE_OBJC_ARC = YES;
				CLANG_WARN_BLOCK_CAPTURE_AUTORELEASING = YES;
				CLANG_WARN_BOOL_CONVERSION = YES;
				CLANG_WARN_COMMA = YES;
				CLANG_WARN_CONSTANT_CONVERSION = YES;
				CLANG_WARN_DEPRECATED_OBJC_IMPLEMENTATIONS = YES;
				CLANG_WARN_DIRECT_OBJC_ISA_USAGE = YES_ERROR;
				CLANG_WARN_EMPTY_BODY = YES;
				CLANG_WARN_ENUM_CONVERSION = YES;
				CLANG_WARN_INFINITE_RECURSION = YES;
				CLANG_WARN_INT_CONVERSION = YES;
				CLANG_WARN_NON_LITERAL_NULL_CONVERSION = YES;
				CLANG_WARN_OBJC_IMPLICIT_RETAIN_SELF = YES;
				CLANG_WARN_OBJC_LITERAL_CONVERSION = YES;
				CLANG_WARN_OBJC_ROOT_CLASS = YES_ERROR;
				CLANG_WARN_QUOTED_INCLUDE_IN_FRAMEWORK_HEADER = YES;
				CLANG_WARN_RANGE_LOOP_ANALYSIS = YES;
				CLANG_WARN_STRICT_PROTOTYPES = YES;
				CLANG_WARN_SUSPICIOUS_MOVE = YES;
				CLANG_WARN_UNREACHABLE_CODE = YES;
				CLANG_WARN__DUPLICATE_METHOD_MATCH = YES;
				"CODE_SIGN_IDENTITY[sdk=iphoneos*]" = "iPhone Developer";
				COPY_PHASE_STRIP = YES;
				ENABLE_NS_ASSERTIONS = NO;
				ENABLE_STRICT_OBJC_MSGSEND = YES;
				"EXCLUDED_ARCHS[sdk=iphonesimulator*]" = i386;
				GCC_C_LANGUAGE_STANDARD = gnu99;
				GCC_NO_COMMON_BLOCKS = YES;
				GCC_WARN_64_TO_32_BIT_CONVERSION = YES;
				GCC_WARN_ABOUT_RETURN_TYPE = YES_ERROR;
				GCC_WARN_UNDECLARED_SELECTOR = YES;
				GCC_WARN_UNINITIALIZED_AUTOS = YES_AGGRESSIVE;
				GCC_WARN_UNUSED_FUNCTION = YES;
				GCC_WARN_UNUSED_VARIABLE = YES;
				IPHONEOS_DEPLOYMENT_TARGET = 13.4;
				LD_RUNPATH_SEARCH_PATHS = (
					/usr/lib/swift,
					"$(inherited)",
				);
				LIBRARY_SEARCH_PATHS = (
					"\"$(SDKROOT)/usr/lib/swift\"",
					"\"$(TOOLCHAIN_DIR)/usr/lib/swift/$(PLATFORM_NAME)\"",
					"\"$(inherited)\"",
				);
				MTL_ENABLE_DEBUG_INFO = NO;
				OTHER_CFLAGS = "$(inherited)";
				OTHER_CPLUSPLUSFLAGS = (
					"$(OTHER_CFLAGS)",
					"-DFOLLY_NO_CONFIG",
					"-DFOLLY_MOBILE=1",
					"-DFOLLY_USE_LIBCPP=1",
					"-DFOLLY_CFG_NO_COROUTINES=1",
				);
				OTHER_LDFLAGS = "$(inherited)  ";
				REACT_NATIVE_PATH = "${PODS_ROOT}/../../node_modules/react-native";
				SDKROOT = iphoneos;
				USE_HERMES = true;
				VALIDATE_PRODUCT = YES;
			};
			name = Release;
		};
/* End XCBuildConfiguration section */

/* Begin XCConfigurationList section */
		00E357021AD99517003FC87E /* Build configuration list for PBXNativeTarget "StarWarsFavoritesTests" */ = {
			isa = XCConfigurationList;
			buildConfigurations = (
				00E356F61AD99517003FC87E /* Debug */,
				00E356F71AD99517003FC87E /* Release */,
			);
			defaultConfigurationIsVisible = 0;
			defaultConfigurationName = Release;
		};
		13B07F931A680F5B00A75B9A /* Build configuration list for PBXNativeTarget "StarWarsFavorites" */ = {
			isa = XCConfigurationList;
			buildConfigurations = (
				13B07F941A680F5B00A75B9A /* Debug */,
				13B07F951A680F5B00A75B9A /* Release */,
			);
			defaultConfigurationIsVisible = 0;
			defaultConfigurationName = Release;
		};
		83CBB9FA1A601CBA00E9B192 /* Build configuration list for PBXProject "StarWarsFavorites" */ = {
			isa = XCConfigurationList;
			buildConfigurations = (
				83CBBA201A601CBA00E9B192 /* Debug */,
				83CBBA211A601CBA00E9B192 /* Release */,
			);
			defaultConfigurationIsVisible = 0;
			defaultConfigurationName = Release;
		};
/* End XCConfigurationList section */
	};
	rootObject = 83CBB9F71A601CBA00E9B192 /* Project object */;
}
